{
  "name": "echarts-webcomponent",
  "version": "1.0.10",
  "lockfileVersion": 1,
  "requires": true,
  "dependencies": {
    "@webcomponents/webcomponentsjs": {
      "version": "1.0.13",
      "resolved": "https://registry.npmjs.org/@webcomponents/webcomponentsjs/-/webcomponentsjs-1.0.13.tgz",
      "integrity": "sha512-lJtppZjXbWKN24Q0KAMMlka+HjfME4Wuj8pRUAK0JPrC6dZR/FYWxmDtCkAUNo6jREUsRAeRA4NtVj7e6eiblQ=="
    },
    "custom-elements": {
      "version": "1.0.2",
      "resolved": "https://registry.npmjs.org/custom-elements/-/custom-elements-1.0.2.tgz",
      "integrity": "sha1-CfKw+Om4LLmOVuqSJ5Qc/BR0wqY="
    },
    "echarts": {
      "version": "3.7.1",
      "resolved": "https://registry.npmjs.org/echarts/-/echarts-3.7.1.tgz",
      "integrity": "sha1-+tJdSxy7fsKPGw+okOmg2GBWstU=",
      "requires": {
        "zrender": "3.6.1"
      }
    },
    "zrender": {
      "version": "3.6.1",
      "resolved": "https://registry.npmjs.org/zrender/-/zrender-3.6.1.tgz",
      "integrity": "sha1-Ni6MTrbJcKjZfITaqNZfN5Ibgms="
    }
  }
}
